
Microsoft Visual Studio Solution File, Format Version 12.00
# Visual Studio Version 16
VisualStudioVersion = 16.0.29920.165
MinimumVisualStudioVersion = 10.0.40219.1
Project("{FAE04EC0-301F-11D3-BF4B-00C04F79EFBC}") = "Subindo Projetos no Github", "Subindo Projetos no Github\Subindo Projetos no Github.csproj", "{F2D4CDAA-B4E7-4C1B-97DA-5820C564873E}"
EndProject
Global
	GlobalSection(SolutionConfigurationPlatforms) = preSolution
		Debug|Any CPU = Debug|Any CPU
		Release|Any CPU = Release|Any CPU
	EndGlobalSection
	GlobalSection(ProjectConfigurationPlatforms) = postSolution
		{F2D4CDAA-B4E7-4C1B-97DA-5820C564873E}.Debug|Any CPU.ActiveCfg = Debug|Any CPU
		{F2D4CDAA-B4E7-4C1B-97DA-5820C564873E}.Debug|Any CPU.Build.0 = Debug|Any CPU
		{F2D4CDAA-B4E7-4C1B-97DA-5820C564873E}.Release|Any CPU.ActiveCfg = Release|Any CPU
		{F2D4CDAA-B4E7-4C1B-97DA-5820C564873E}.Release|Any CPU.Build.0 = Release|Any CPU
	EndGlobalSection
	GlobalSection(SolutionProperties) = preSolution
		HideSolutionNode = FALSE
	EndGlobalSection
	GlobalSection(ExtensibilityGlobals) = postSolution
		SolutionGuid = {0FDE914B-B3D2-4B12-BAAE-D96C5A82EFCC}
	EndGlobalSection
EndGlobal
